// !$*UTF8*$!
{
	archiveVersion = 1;
	classes = {
	};
	objectVersion = 46;
	objects = {

/* Begin PBXBuildFile section */
		87C1520B1BF3537C000C20E3 /* AppDelegate.swift in Sources */ = {isa = PBXBuildFile; fileRef = 87C1520A1BF3537C000C20E3 /* AppDelegate.swift */; };
		87C1520D1BF3537C000C20E3 /* ViewController.swift in Sources */ = {isa = PBXBuildFile; fileRef = 87C1520C1BF3537C000C20E3 /* ViewController.swift */; };
		87C152101BF3537C000C20E3 /* Main.storyboard in Resources */ = {isa = PBXBuildFile; fileRef = 87C1520E1BF3537C000C20E3 /* Main.storyboard */; };
		87C152121BF3537C000C20E3 /* Assets.xcassets in Resources */ = {isa = PBXBuildFile; fileRef = 87C152111BF3537C000C20E3 /* Assets.xcassets */; };
		87C152151BF3537C000C20E3 /* LaunchScreen.storyboard in Resources */ = {isa = PBXBuildFile; fileRef = 87C152131BF3537C000C20E3 /* LaunchScreen.storyboard */; };
		87C1521D1BF35802000C20E3 /* MapKit.framework in Frameworks */ = {isa = PBXBuildFile; fileRef = 87C1521C1BF35802000C20E3 /* MapKit.framework */; };
		87C1521F1BF358E2000C20E3 /* WMSTileOverlay.swift in Sources */ = {isa = PBXBuildFile; fileRef = 87C1521E1BF358E2000C20E3 /* WMSTileOverlay.swift */; settings = {ASSET_TAGS = (); }; };
/* End PBXBuildFile section */

/* Begin PBXFileReference section */
		87C152071BF3537C000C20E3 /* WmsMapKit.app */ = {isa = PBXFileReference; explicitFileType = wrapper.application; includeInIndex = 0; path = WmsMapKit.app; sourceTree = BUILT_PRODUCTS_DIR; };
		87C1520A1BF3537C000C20E3 /* AppDelegate.swift */ = {isa = PBXFileReference; lastKnownFileType = sourcecode.swift; path = AppDelegate.swift; sourceTree = "<group>"; };
		87C1520C1BF3537C000C20E3 /* ViewController.swift */ = {isa = PBXFileReference; lastKnownFileType = sourcecode.swift; path = ViewController.swift; sourceTree = "<group>"; };
		87C1520F1BF3537C000C20E3 /* Base */ = {isa = PBXFileReference; lastKnownFileType = file.storyboard; name = Base; path = Base.lproj/Main.storyboard; sourceTree = "<group>"; };
		87C152111BF3537C000C20E3 /* Assets.xcassets */ = {isa = PBXFileReference; lastKnownFileType = folder.assetcatalog; path = Assets.xcassets; sourceTree = "<group>"; };
		87C152141BF3537C000C20E3 /* Base */ = {isa = PBXFileReference; lastKnownFileType = file.storyboard; name = Base; path = Base.lproj/LaunchScreen.storyboard; sourceTree = "<group>"; };
		87C152161BF3537C000C20E3 /* Info.plist */ = {isa = PBXFileReference; lastKnownFileType = text.plist.xml; path = Info.plist; sourceTree = "<group>"; };
		87C1521C1BF35802000C20E3 /* MapKit.framework */ = {isa = PBXFileReference; lastKnownFileType = wrapper.framework; name = MapKit.framework; path = System/Library/Frameworks/MapKit.framework; sourceTree = SDKROOT; };
		87C1521E1BF358E2000C20E3 /* WMSTileOverlay.swift */ = {isa = PBXFileReference; fileEncoding = 4; lastKnownFileType = sourcecode.swift; path = WMSTileOverlay.swift; sourceTree = "<group>"; };
		87C152201BF35980000C20E3 /* WmsMapKit-Bridging-Header.h */ = {isa = PBXFileReference; lastKnownFileType = sourcecode.c.h; path = "WmsMapKit-Bridging-Header.h"; sourceTree = "<group>"; };
/* End PBXFileReference section */

/* Begin PBXFrameworksBuildPhase section */
		87C152041BF3537C000C20E3 /* Frameworks */ = {
			isa = PBXFrameworksBuildPhase;
			buildActionMask = 2147483647;
			files = (
				87C1521D1BF35802000C20E3 /* MapKit.framework in Frameworks */,
			);
			runOnlyForDeploymentPostprocessing = 0;
		};
/* End PBXFrameworksBuildPhase section */

/* Begin PBXGroup section */
		87C151FE1BF3537C000C20E3 = {
			isa = PBXGroup;
			children = (
				87C1521C1BF35802000C20E3 /* MapKit.framework */,
				87C152091BF3537C000C20E3 /* WmsMapKit */,
				87C152081BF3537C000C20E3 /* Products */,
			);
			sourceTree = "<group>";
		};
		87C152081BF3537C000C20E3 /* Products */ = {
			isa = PBXGroup;
			children = (
				87C152071BF3537C000C20E3 /* WmsMapKit.app */,
			);
			name = Products;
			sourceTree = "<group>";
		};
		87C152091BF3537C000C20E3 /* WmsMapKit */ = {
			isa = PBXGroup;
			children = (
				87C1520A1BF3537C000C20E3 /* AppDelegate.swift */,
				87C1520C1BF3537C000C20E3 /* ViewController.swift */,
				87C1520E1BF3537C000C20E3 /* Main.storyboard */,
				87C152111BF3537C000C20E3 /* Assets.xcassets */,
				87C152131BF3537C000C20E3 /* LaunchScreen.storyboard */,
				87C152161BF3537C000C20E3 /* Info.plist */,
				87C1521E1BF358E2000C20E3 /* WMSTileOverlay.swift */,
				87C152201BF35980000C20E3 /* WmsMapKit-Bridging-Header.h */,
			);
			path = WmsMapKit;
			sourceTree = "<group>";
		};
/* End PBXGroup section */

/* Begin PBXNativeTarget section */
		87C152061BF3537C000C20E3 /* WmsMapKit */ = {
			isa = PBXNativeTarget;
			buildConfigurationList = 87C152191BF3537C000C20E3 /* Build configuration list for PBXNativeTarget "WmsMapKit" */;
			buildPhases = (
				87C152031BF3537C000C20E3 /* Sources */,
				87C152041BF3537C000C20E3 /* Frameworks */,
				87C152051BF3537C000C20E3 /* Resources */,
			);
			buildRules = (
			);
			dependencies = (
			);
			name = WmsMapKit;
			productName = WmsMapKit;
			productReference = 87C152071BF3537C000C20E3 /* WmsMapKit.app */;
			productType = "com.apple.product-type.application";
		};
/* End PBXNativeTarget section */

/* Begin PBXProject section */
		87C151FF1BF3537C000C20E3 /* Project object */ = {
			isa = PBXProject;
			attributes = {
				LastSwiftUpdateCheck = 0700;
				LastUpgradeCheck = 0700;
				TargetAttributes = {
					87C152061BF3537C000C20E3 = {
						CreatedOnToolsVersion = 7.0.1;
					};
				};
			};
			buildConfigurationList = 87C152021BF3537C000C20E3 /* Build configuration list for PBXProject "WmsMapKit" */;
			compatibilityVersion = "Xcode 3.2";
			developmentRegion = English;
			hasScannedForEncodings = 0;
			knownRegions = (
				en,
				Base,
			);
			mainGroup = 87C151FE1BF3537C000C20E3;
			productRefGroup = 87C152081BF3537C000C20E3 /* Products */;
			projectDirPath = "";
			projectRoot = "";
			targets = (
				87C152061BF3537C000C20E3 /* WmsMapKit */,
			);
		};
/* End PBXProject section */

/* Begin PBXResourcesBuildPhase section */
		87C152051BF3537C000C20E3 /* Resources */ = {
			isa = PBXResourcesBuildPhase;
			buildActionMask = 2147483647;
			files = (
				87C152151BF3537C000C20E3 /* LaunchScreen.storyboard in Resources */,
				87C152121BF3537C000C20E3 /* Assets.xcassets in Resources */,
				87C152101BF3537C000C20E3 /* Main.storyboard in Resources */,
			);
			runOnlyForDeploymentPostprocessing = 0;
		};
/* End PBXResourcesBuildPhase section */

/* Begin PBXSourcesBuildPhase section */
		87C152031BF3537C000C20E3 /* Sources */ = {
			isa = PBXSourcesBuildPhase;
			buildActionMask = 2147483647;
			files = (
				87C1521F1BF358E2000C20E3 /* WMSTileOverlay.swift in Sources */,
				87C1520D1BF3537C000C20E3 /* ViewController.swift in Sources */,
				87C1520B1BF3537C000C20E3 /* AppDelegate.swift in Sources */,
			);
			runOnlyForDeploymentPostprocessing = 0;
		};
/* End PBXSourcesBuildPhase section */

/* Begin PBXVariantGroup section */
		87C1520E1BF3537C000C20E3 /* Main.storyboard */ = {
			isa = PBXVariantGroup;
			children = (
				87C1520F1BF3537C000C20E3 /* Base */,
			);
			name = Main.storyboard;
			sourceTree = "<group>";
		};
		87C152131BF3537C000C20E3 /* LaunchScreen.storyboard */ = {
			isa = PBXVariantGroup;
			children = (
				87C152141BF3537C000C20E3 /* Base */,
			);
			name = LaunchScreen.storyboard;
			sourceTree = "<group>";
		};
/* End PBXVariantGroup section */

/* Begin XCBuildConfiguration section */
		87C152171BF3537C000C20E3 /* Debug */ = {
			isa = XCBuildConfiguration;
			buildSettings = {
				ALWAYS_SEARCH_USER_PATHS = NO;
				CLANG_CXX_LANGUAGE_STANDARD = "gnu++0x";
				CLANG_CXX_LIBRARY = "libc++";
				CLANG_ENABLE_MODULES = YES;
				CLANG_ENABLE_OBJC_ARC = YES;
				CLANG_WARN_BOOL_CONVERSION = YES;
				CLANG_WARN_CONSTANT_CONVERSION = YES;
				CLANG_WARN_DIRECT_OBJC_ISA_USAGE = YES_ERROR;
				CLANG_WARN_EMPTY_BODY = YES;
				CLANG_WARN_ENUM_CONVERSION = YES;
				CLANG_WARN_INT_CONVERSION = YES;
				CLANG_WARN_OBJC_ROOT_CLASS = YES_ERROR;
				CLANG_WARN_UNREACHABLE_CODE = YES;
				CLANG_WARN__DUPLICATE_METHOD_MATCH = YES;
				"CODE_SIGN_IDENTITY[sdk=iphoneos*]" = "iPhone Developer";
				COPY_PHASE_STRIP = NO;
				DEBUG_INFORMATION_FORMAT = dwarf;
				ENABLE_STRICT_OBJC_MSGSEND = YES;
				ENABLE_TESTABILITY = YES;
				GCC_C_LANGUAGE_STANDARD = gnu99;
				GCC_DYNAMIC_NO_PIC = NO;
				GCC_NO_COMMON_BLOCKS = YES;
				GCC_OPTIMIZATION_LEVEL = 0;
				GCC_PREPROCESSOR_DEFINITIONS = (
					"DEBUG=1",
					"$(inherited)",
				);
				GCC_WARN_64_TO_32_BIT_CONVERSION = YES;
				GCC_WARN_ABOUT_RETURN_TYPE = YES_ERROR;
				GCC_WARN_UNDECLARED_SELECTOR = YES;
				GCC_WARN_UNINITIALIZED_AUTOS = YES_AGGRESSIVE;
				GCC_WARN_UNUSED_FUNCTION = YES;
				GCC_WARN_UNUSED_VARIABLE = YES;
				IPHONEOS_DEPLOYMENT_TARGET = 9.0;
				MTL_ENABLE_DEBUG_INFO = YES;
				ONLY_ACTIVE_ARCH = YES;
				SDKROOT = iphoneos;
				SWIFT_OPTIMIZATION_LEVEL = "-Onone";
				TARGETED_DEVICE_FAMILY = "1,2";
			};
			name = Debug;
		};
		87C152181BF3537C000C20E3 /* Release */ = {
			isa = XCBuildConfiguration;
			buildSettings = {
				ALWAYS_SEARCH_USER_PATHS = NO;
				CLANG_CXX_LANGUAGE_STANDARD = "gnu++0x";
				CLANG_CXX_LIBRARY = "libc++";
				CLANG_ENABLE_MODULES = YES;
				CLANG_ENABLE_OBJC_ARC = YES;
				CLANG_WARN_BOOL_CONVERSION = YES;
				CLANG_WARN_CONSTANT_CONVERSION = YES;
				CLANG_WARN_DIRECT_OBJC_ISA_USAGE = YES_ERROR;
				CLANG_WARN_EMPTY_BODY = YES;
				CLANG_WARN_ENUM_CONVERSION = YES;
				CLANG_WARN_INT_CONVERSION = YES;
				CLANG_WARN_OBJC_ROOT_CLASS = YES_ERROR;
				CLANG_WARN_UNREACHABLE_CODE = YES;
				CLANG_WARN__DUPLICATE_METHOD_MATCH = YES;
				"CODE_SIGN_IDENTITY[sdk=iphoneos*]" = "iPhone Developer";
				COPY_PHASE_STRIP = NO;
				DEBUG_INFORMATION_FORMAT = "dwarf-with-dsym";
				ENABLE_NS_ASSERTIONS = NO;
				ENABLE_STRICT_OBJC_MSGSEND = YES;
				GCC_C_LANGUAGE_STANDARD = gnu99;
				GCC_NO_COMMON_BLOCKS = YES;
				GCC_WARN_64_TO_32_BIT_CONVERSION = YES;
				GCC_WARN_ABOUT_RETURN_TYPE = YES_ERROR;
				GCC_WARN_UNDECLARED_SELECTOR = YES;
				GCC_WARN_UNINITIALIZED_AUTOS = YES_AGGRESSIVE;
				GCC_WARN_UNUSED_FUNCTION = YES;
				GCC_WARN_UNUSED_VARIABLE = YES;
				IPHONEOS_DEPLOYMENT_TARGET = 9.0;
				MTL_ENABLE_DEBUG_INFO = NO;
				SDKROOT = iphoneos;
				TARGETED_DEVICE_FAMILY = "1,2";
				VALIDATE_PRODUCT = YES;
			};
			name = Release;
		};
		87C1521A1BF3537C000C20E3 /* Debug */ = {
			isa = XCBuildConfiguration;
			buildSettings = {
				ASSETCATALOG_COMPILER_APPICON_NAME = AppIcon;
				CLANG_ENABLE_MODULES = YES;
				INFOPLIST_FILE = WmsMapKit/Info.plist;
				LD_RUNPATH_SEARCH_PATHS = "$(inherited) @executable_path/Frameworks";
				PRODUCT_BUNDLE_IDENTIFIER = de.nassweb.WmsMapKit;
				PRODUCT_NAME = "$(TARGET_NAME)";
				SWIFT_OBJC_BRIDGING_HEADER = "WmsMapKit/WmsMapKit-Bridging-Header.h";
				SWIFT_OPTIMIZATION_LEVEL = "-Onone";
			};
			name = Debug;
		};
		87C1521B1BF3537C000C20E3 /* Release */ = {
			isa = XCBuildConfiguration;
			buildSettings = {
				ASSETCATALOG_COMPILER_APPICON_NAME = AppIcon;
				CLANG_ENABLE_MODULES = YES;
				INFOPLIST_FILE = WmsMapKit/Info.plist;
				LD_RUNPATH_SEARCH_PATHS = "$(inherited) @executable_path/Frameworks";
				PRODUCT_BUNDLE_IDENTIFIER = de.nassweb.WmsMapKit;
				PRODUCT_NAME = "$(TARGET_NAME)";
				SWIFT_OBJC_BRIDGING_HEADER = "WmsMapKit/WmsMapKit-Bridging-Header.h";
			};
			name = Release;
		};
/* End XCBuildConfiguration section */

/* Begin XCConfigurationList section */
		87C152021BF3537C000C20E3 /* Build configuration list for PBXProject "WmsMapKit" */ = {
			isa = XCConfigurationList;
			buildConfigurations = (
				87C152171BF3537C000C20E3 /* Debug */,
				87C152181BF3537C000C20E3 /* Release */,
			);
			defaultConfigurationIsVisible = 0;
			defaultConfigurationName = Release;
		};
		87C152191BF3537C000C20E3 /* Build configuration list for PBXNativeTarget "WmsMapKit" */ = {
			isa = XCConfigurationList;
			buildConfigurations = (
				87C1521A1BF3537C000C20E3 /* Debug */,
				87C1521B1BF3537C000C20E3 /* Release */,
			);
			defaultConfigurationIsVisible = 0;
		};
/* End XCConfigurationList section */
	};
	rootObject = 87C151FF1BF3537C000C20E3 /* Project object */;
}
